// !$*UTF8*$!
{
	archiveVersion = 1;
	classes = {
	};
	objectVersion = 55;
	objects = {

/* Begin PBXBuildFile section */
		893E5301281ED8140014D56A /* AppDelegate.swift in Sources */ = {isa = PBXBuildFile; fileRef = 893E5300281ED8140014D56A /* AppDelegate.swift */; };
		893E5303281ED8140014D56A /* SceneDelegate.swift in Sources */ = {isa = PBXBuildFile; fileRef = 893E5302281ED8140014D56A /* SceneDelegate.swift */; };
		893E5308281ED8140014D56A /* Main.storyboard in Resources */ = {isa = PBXBuildFile; fileRef = 893E5306281ED8140014D56A /* Main.storyboard */; };
		893E530A281ED8180014D56A /* Assets.xcassets in Resources */ = {isa = PBXBuildFile; fileRef = 893E5309281ED8180014D56A /* Assets.xcassets */; };
		893E530D281ED8180014D56A /* LaunchScreen.storyboard in Resources */ = {isa = PBXBuildFile; fileRef = 893E530B281ED8180014D56A /* LaunchScreen.storyboard */; };
		89BE1972281EF70000582505 /* RootViewController.swift in Sources */ = {isa = PBXBuildFile; fileRef = 89BE1971281EF70000582505 /* RootViewController.swift */; };
		89BE1974281EFF4700582505 /* Option1ViewController.swift in Sources */ = {isa = PBXBuildFile; fileRef = 89BE1973281EFF4700582505 /* Option1ViewController.swift */; };
		89BE1976281EFF6A00582505 /* Option2ViewController.swift in Sources */ = {isa = PBXBuildFile; fileRef = 89BE1975281EFF6A00582505 /* Option2ViewController.swift */; };
		89BE1978281EFF8800582505 /* Option3ViewController.swift in Sources */ = {isa = PBXBuildFile; fileRef = 89BE1977281EFF8800582505 /* Option3ViewController.swift */; };
/* End PBXBuildFile section */

/* Begin PBXFileReference section */
		893E52FD281ED8140014D56A /* Ex iOS.app */ = {isa = PBXFileReference; explicitFileType = wrapper.application; includeInIndex = 0; path = "Ex iOS.app"; sourceTree = BUILT_PRODUCTS_DIR; };
		893E5300281ED8140014D56A /* AppDelegate.swift */ = {isa = PBXFileReference; lastKnownFileType = sourcecode.swift; path = AppDelegate.swift; sourceTree = "<group>"; };
		893E5302281ED8140014D56A /* SceneDelegate.swift */ = {isa = PBXFileReference; lastKnownFileType = sourcecode.swift; path = SceneDelegate.swift; sourceTree = "<group>"; };
		893E5307281ED8140014D56A /* Base */ = {isa = PBXFileReference; lastKnownFileType = file.storyboard; name = Base; path = Base.lproj/Main.storyboard; sourceTree = "<group>"; };
		893E5309281ED8180014D56A /* Assets.xcassets */ = {isa = PBXFileReference; lastKnownFileType = folder.assetcatalog; path = Assets.xcassets; sourceTree = "<group>"; };
		893E530C281ED8180014D56A /* Base */ = {isa = PBXFileReference; lastKnownFileType = file.storyboard; name = Base; path = Base.lproj/LaunchScreen.storyboard; sourceTree = "<group>"; };
		893E530E281ED8180014D56A /* Info.plist */ = {isa = PBXFileReference; lastKnownFileType = text.plist.xml; path = Info.plist; sourceTree = "<group>"; };
		89BE1971281EF70000582505 /* RootViewController.swift */ = {isa = PBXFileReference; lastKnownFileType = sourcecode.swift; path = RootViewController.swift; sourceTree = "<group>"; };
		89BE1973281EFF4700582505 /* Option1ViewController.swift */ = {isa = PBXFileReference; lastKnownFileType = sourcecode.swift; path = Option1ViewController.swift; sourceTree = "<group>"; };
		89BE1975281EFF6A00582505 /* Option2ViewController.swift */ = {isa = PBXFileReference; lastKnownFileType = sourcecode.swift; path = Option2ViewController.swift; sourceTree = "<group>"; };
		89BE1977281EFF8800582505 /* Option3ViewController.swift */ = {isa = PBXFileReference; lastKnownFileType = sourcecode.swift; path = Option3ViewController.swift; sourceTree = "<group>"; };
/* End PBXFileReference section */

/* Begin PBXFrameworksBuildPhase section */
		893E52FA281ED8140014D56A /* Frameworks */ = {
			isa = PBXFrameworksBuildPhase;
			buildActionMask = 2147483647;
			files = (
			);
			runOnlyForDeploymentPostprocessing = 0;
		};
/* End PBXFrameworksBuildPhase section */

/* Begin PBXGroup section */
		893E52F4281ED8140014D56A = {
			isa = PBXGroup;
			children = (
				893E52FF281ED8140014D56A /* Ex iOS */,
				893E52FE281ED8140014D56A /* Products */,
			);
			sourceTree = "<group>";
		};
		893E52FE281ED8140014D56A /* Products */ = {
			isa = PBXGroup;
			children = (
				893E52FD281ED8140014D56A /* Ex iOS.app */,
			);
			name = Products;
			sourceTree = "<group>";
		};
		893E52FF281ED8140014D56A /* Ex iOS */ = {
			isa = PBXGroup;
			children = (
				893E5300281ED8140014D56A /* AppDelegate.swift */,
				893E5302281ED8140014D56A /* SceneDelegate.swift */,
				89BE1971281EF70000582505 /* RootViewController.swift */,
				89BE1973281EFF4700582505 /* Option1ViewController.swift */,
				89BE1975281EFF6A00582505 /* Option2ViewController.swift */,
				89BE1977281EFF8800582505 /* Option3ViewController.swift */,
				893E5306281ED8140014D56A /* Main.storyboard */,
				893E5309281ED8180014D56A /* Assets.xcassets */,
				893E530B281ED8180014D56A /* LaunchScreen.storyboard */,
				893E530E281ED8180014D56A /* Info.plist */,
			);
			path = "Ex iOS";
			sourceTree = "<group>";
		};
/* End PBXGroup section */

/* Begin PBXNativeTarget section */
		893E52FC281ED8140014D56A /* Ex iOS */ = {
			isa = PBXNativeTarget;
			buildConfigurationList = 893E5311281ED8180014D56A /* Build configuration list for PBXNativeTarget "Ex iOS" */;
			buildPhases = (
				893E52F9281ED8140014D56A /* Sources */,
				893E52FA281ED8140014D56A /* Frameworks */,
				893E52FB281ED8140014D56A /* Resources */,
			);
			buildRules = (
			);
			dependencies = (
			);
			name = "Ex iOS";
			productName = "Ex iOS";
			productReference = 893E52FD281ED8140014D56A /* Ex iOS.app */;
			productType = "com.apple.product-type.application";
		};
/* End PBXNativeTarget section */

/* Begin PBXProject section */
		893E52F5281ED8140014D56A /* Project object */ = {
			isa = PBXProject;
			attributes = {
				BuildIndependentTargetsInParallel = 1;
				LastSwiftUpdateCheck = 1330;
				LastUpgradeCheck = 1330;
				TargetAttributes = {
					893E52FC281ED8140014D56A = {
						CreatedOnToolsVersion = 13.3.1;
					};
				};
			};
			buildConfigurationList = 893E52F8281ED8140014D56A /* Build configuration list for PBXProject "Ex iOS" */;
			compatibilityVersion = "Xcode 13.0";
			developmentRegion = en;
			hasScannedForEncodings = 0;
			knownRegions = (
				en,
				Base,
			);
			mainGroup = 893E52F4281ED8140014D56A;
			productRefGroup = 893E52FE281ED8140014D56A /* Products */;
			projectDirPath = "";
			projectRoot = "";
			targets = (
				893E52FC281ED8140014D56A /* Ex iOS */,
			);
		};
/* End PBXProject section */

/* Begin PBXResourcesBuildPhase section */
		893E52FB281ED8140014D56A /* Resources */ = {
			isa = PBXResourcesBuildPhase;
			buildActionMask = 2147483647;
			files = (
				893E530D281ED8180014D56A /* LaunchScreen.storyboard in Resources */,
				893E530A281ED8180014D56A /* Assets.xcassets in Resources */,
				893E5308281ED8140014D56A /* Main.storyboard in Resources */,
			);
			runOnlyForDeploymentPostprocessing = 0;
		};
/* End PBXResourcesBuildPhase section */

/* Begin PBXSourcesBuildPhase section */
		893E52F9281ED8140014D56A /* Sources */ = {
			isa = PBXSourcesBuildPhase;
			buildActionMask = 2147483647;
			files = (
				893E5301281ED8140014D56A /* AppDelegate.swift in Sources */,
				89BE1972281EF70000582505 /* RootViewController.swift in Sources */,
				893E5303281ED8140014D56A /* SceneDelegate.swift in Sources */,
				89BE1978281EFF8800582505 /* Option3ViewController.swift in Sources */,
				89BE1976281EFF6A00582505 /* Option2ViewController.swift in Sources */,
				89BE1974281EFF4700582505 /* Option1ViewController.swift in Sources */,
			);
			runOnlyForDeploymentPostprocessing = 0;
		};
/* End PBXSourcesBuildPhase section */

/* Begin PBXVariantGroup section */
		893E5306281ED8140014D56A /* Main.storyboard */ = {
			isa = PBXVariantGroup;
			children = (
				893E5307281ED8140014D56A /* Base */,
			);
			name = Main.storyboard;
			sourceTree = "<group>";
		};
		893E530B281ED8180014D56A /* LaunchScreen.storyboard */ = {
			isa = PBXVariantGroup;
			children = (
				893E530C281ED8180014D56A /* Base */,
			);
			name = LaunchScreen.storyboard;
			sourceTree = "<group>";
		};
/* End PBXVariantGroup section */

/* Begin XCBuildConfiguration section */
		893E530F281ED8180014D56A /* Debug */ = {
			isa = XCBuildConfiguration;
			buildSettings = {
				ALWAYS_SEARCH_USER_PATHS = NO;
				CLANG_ANALYZER_NONNULL = YES;
				CLANG_ANALYZER_NUMBER_OBJECT_CONVERSION = YES_AGGRESSIVE;
				CLANG_CXX_LANGUAGE_STANDARD = "gnu++17";
				CLANG_ENABLE_MODULES = YES;
				CLANG_ENABLE_OBJC_ARC = YES;
				CLANG_ENABLE_OBJC_WEAK = YES;
				CLANG_WARN_BLOCK_CAPTURE_AUTORELEASING = YES;
				CLANG_WARN_BOOL_CONVERSION = YES;
				CLANG_WARN_COMMA = YES;
				CLANG_WARN_CONSTANT_CONVERSION = YES;
				CLANG_WARN_DEPRECATED_OBJC_IMPLEMENTATIONS = YES;
				CLANG_WARN_DIRECT_OBJC_ISA_USAGE = YES_ERROR;
				CLANG_WARN_DOCUMENTATION_COMMENTS = YES;
				CLANG_WARN_EMPTY_BODY = YES;
				CLANG_WARN_ENUM_CONVERSION = YES;
				CLANG_WARN_INFINITE_RECURSION = YES;
				CLANG_WARN_INT_CONVERSION = YES;
				CLANG_WARN_NON_LITERAL_NULL_CONVERSION = YES;
				CLANG_WARN_OBJC_IMPLICIT_RETAIN_SELF = YES;
				CLANG_WARN_OBJC_LITERAL_CONVERSION = YES;
				CLANG_WARN_OBJC_ROOT_CLASS = YES_ERROR;
				CLANG_WARN_QUOTED_INCLUDE_IN_FRAMEWORK_HEADER = YES;
				CLANG_WARN_RANGE_LOOP_ANALYSIS = YES;
				CLANG_WARN_STRICT_PROTOTYPES = YES;
				CLANG_WARN_SUSPICIOUS_MOVE = YES;
				CLANG_WARN_UNGUARDED_AVAILABILITY = YES_AGGRESSIVE;
				CLANG_WARN_UNREACHABLE_CODE = YES;
				CLANG_WARN__DUPLICATE_METHOD_MATCH = YES;
				COPY_PHASE_STRIP = NO;
				DEBUG_INFORMATION_FORMAT = dwarf;
				ENABLE_STRICT_OBJC_MSGSEND = YES;
				ENABLE_TESTABILITY = YES;
				GCC_C_LANGUAGE_STANDARD = gnu11;
				GCC_DYNAMIC_NO_PIC = NO;
				GCC_NO_COMMON_BLOCKS = YES;
				GCC_OPTIMIZATION_LEVEL = 0;
				GCC_PREPROCESSOR_DEFINITIONS = (
					"DEBUG=1",
					"$(inherited)",
				);
				GCC_WARN_64_TO_32_BIT_CONVERSION = YES;
				GCC_WARN_ABOUT_RETURN_TYPE = YES_ERROR;
				GCC_WARN_UNDECLARED_SELECTOR = YES;
				GCC_WARN_UNINITIALIZED_AUTOS = YES_AGGRESSIVE;
				GCC_WARN_UNUSED_FUNCTION = YES;
				GCC_WARN_UNUSED_VARIABLE = YES;
				IPHONEOS_DEPLOYMENT_TARGET = 15.4;
				MTL_ENABLE_DEBUG_INFO = INCLUDE_SOURCE;
				MTL_FAST_MATH = YES;
				ONLY_ACTIVE_ARCH = YES;
				SDKROOT = iphoneos;
				SWIFT_ACTIVE_COMPILATION_CONDITIONS = DEBUG;
				SWIFT_OPTIMIZATION_LEVEL = "-Onone";
			};
			name = Debug;
		};
		893E5310281ED8180014D56A /* Release */ = {
			isa = XCBuildConfiguration;
			buildSettings = {
				ALWAYS_SEARCH_USER_PATHS = NO;
				CLANG_ANALYZER_NONNULL = YES;
				CLANG_ANALYZER_NUMBER_OBJECT_CONVERSION = YES_AGGRESSIVE;
				CLANG_CXX_LANGUAGE_STANDARD = "gnu++17";
				CLANG_ENABLE_MODULES = YES;
				CLANG_ENABLE_OBJC_ARC = YES;
				CLANG_ENABLE_OBJC_WEAK = YES;
				CLANG_WARN_BLOCK_CAPTURE_AUTORELEASING = YES;
				CLANG_WARN_BOOL_CONVERSION = YES;
				CLANG_WARN_COMMA = YES;
				CLANG_WARN_CONSTANT_CONVERSION = YES;
				CLANG_WARN_DEPRECATED_OBJC_IMPLEMENTATIONS = YES;
				CLANG_WARN_DIRECT_OBJC_ISA_USAGE = YES_ERROR;
				CLANG_WARN_DOCUMENTATION_COMMENTS = YES;
				CLANG_WARN_EMPTY_BODY = YES;
				CLANG_WARN_ENUM_CONVERSION = YES;
				CLANG_WARN_INFINITE_RECURSION = YES;
				CLANG_WARN_INT_CONVERSION = YES;
				CLANG_WARN_NON_LITERAL_NULL_CONVERSION = YES;
				CLANG_WARN_OBJC_IMPLICIT_RETAIN_SELF = YES;
				CLANG_WARN_OBJC_LITERAL_CONVERSION = YES;
				CLANG_WARN_OBJC_ROOT_CLASS = YES_ERROR;
				CLANG_WARN_QUOTED_INCLUDE_IN_FRAMEWORK_HEADER = YES;
				CLANG_WARN_RANGE_LOOP_ANALYSIS = YES;
				CLANG_WARN_STRICT_PROTOTYPES = YES;
				CLANG_WARN_SUSPICIOUS_MOVE = YES;
				CLANG_WARN_UNGUARDED_AVAILABILITY = YES_AGGRESSIVE;
				CLANG_WARN_UNREACHABLE_CODE = YES;
				CLANG_WARN__DUPLICATE_METHOD_MATCH = YES;
				COPY_PHASE_STRIP = NO;
				DEBUG_INFORMATION_FORMAT = "dwarf-with-dsym";
				ENABLE_NS_ASSERTIONS = NO;
				ENABLE_STRICT_OBJC_MSGSEND = YES;
				GCC_C_LANGUAGE_STANDARD = gnu11;
				GCC_NO_COMMON_BLOCKS = YES;
				GCC_WARN_64_TO_32_BIT_CONVERSION = YES;
				GCC_WARN_ABOUT_RETURN_TYPE = YES_ERROR;
				GCC_WARN_UNDECLARED_SELECTOR = YES;
				GCC_WARN_UNINITIALIZED_AUTOS = YES_AGGRESSIVE;
				GCC_WARN_UNUSED_FUNCTION = YES;
				GCC_WARN_UNUSED_VARIABLE = YES;
				IPHONEOS_DEPLOYMENT_TARGET = 15.4;
				MTL_ENABLE_DEBUG_INFO = NO;
				MTL_FAST_MATH = YES;
				SDKROOT = iphoneos;
				SWIFT_COMPILATION_MODE = wholemodule;
				SWIFT_OPTIMIZATION_LEVEL = "-O";
				VALIDATE_PRODUCT = YES;
			};
			name = Release;
		};
		893E5312281ED8180014D56A /* Debug */ = {
			isa = XCBuildConfiguration;
			buildSettings = {
				ASSETCATALOG_COMPILER_APPICON_NAME = AppIcon;
				ASSETCATALOG_COMPILER_GLOBAL_ACCENT_COLOR_NAME = AccentColor;
				CODE_SIGN_STYLE = Automatic;
				CURRENT_PROJECT_VERSION = 1;
				DEVELOPMENT_TEAM = P8J2DS2Z2V;
				GENERATE_INFOPLIST_FILE = YES;
				INFOPLIST_FILE = "Ex iOS/Info.plist";
				INFOPLIST_KEY_UIApplicationSupportsIndirectInputEvents = YES;
				INFOPLIST_KEY_UILaunchStoryboardName = LaunchScreen;
				INFOPLIST_KEY_UIMainStoryboardFile = Main;
				INFOPLIST_KEY_UISupportedInterfaceOrientations_iPad = "UIInterfaceOrientationPortrait UIInterfaceOrientationPortraitUpsideDown UIInterfaceOrientationLandscapeLeft UIInterfaceOrientationLandscapeRight";
				INFOPLIST_KEY_UISupportedInterfaceOrientations_iPhone = "UIInterfaceOrientationPortrait UIInterfaceOrientationLandscapeLeft UIInterfaceOrientationLandscapeRight";
				LD_RUNPATH_SEARCH_PATHS = (
					"$(inherited)",
					"@executable_path/Frameworks",
				);
				MARKETING_VERSION = 1.0;
				PRODUCT_BUNDLE_IDENTIFIER = "pe.edu.ulima.Ex-iOS";
				PRODUCT_NAME = "$(TARGET_NAME)";
				SWIFT_EMIT_LOC_STRINGS = YES;
				SWIFT_VERSION = 5.0;
				TARGETED_DEVICE_FAMILY = "1,2";
			};
			name = Debug;
		};
		893E5313281ED8180014D56A /* Release */ = {
			isa = XCBuildConfiguration;
			buildSettings = {
				ASSETCATALOG_COMPILER_APPICON_NAME = AppIcon;
				ASSETCATALOG_COMPILER_GLOBAL_ACCENT_COLOR_NAME = AccentColor;
				CODE_SIGN_STYLE = Automatic;
				CURRENT_PROJECT_VERSION = 1;
				DEVELOPMENT_TEAM = P8J2DS2Z2V;
				GENERATE_INFOPLIST_FILE = YES;
				INFOPLIST_FILE = "Ex iOS/Info.plist";
				INFOPLIST_KEY_UIApplicationSupportsIndirectInputEvents = YES;
				INFOPLIST_KEY_UILaunchStoryboardName = LaunchScreen;
				INFOPLIST_KEY_UIMainStoryboardFile = Main;
				INFOPLIST_KEY_UISupportedInterfaceOrientations_iPad = "UIInterfaceOrientationPortrait UIInterfaceOrientationPortraitUpsideDown UIInterfaceOrientationLandscapeLeft UIInterfaceOrientationLandscapeRight";
				INFOPLIST_KEY_UISupportedInterfaceOrientations_iPhone = "UIInterfaceOrientationPortrait UIInterfaceOrientationLandscapeLeft UIInterfaceOrientationLandscapeRight";
				LD_RUNPATH_SEARCH_PATHS = (
					"$(inherited)",
					"@executable_path/Frameworks",
				);
				MARKETING_VERSION = 1.0;
				PRODUCT_BUNDLE_IDENTIFIER = "pe.edu.ulima.Ex-iOS";
				PRODUCT_NAME = "$(TARGET_NAME)";
				SWIFT_EMIT_LOC_STRINGS = YES;
				SWIFT_VERSION = 5.0;
				TARGETED_DEVICE_FAMILY = "1,2";
			};
			name = Release;
		};
/* End XCBuildConfiguration section */

/* Begin XCConfigurationList section */
		893E52F8281ED8140014D56A /* Build configuration list for PBXProject "Ex iOS" */ = {
			isa = XCConfigurationList;
			buildConfigurations = (
				893E530F281ED8180014D56A /* Debug */,
				893E5310281ED8180014D56A /* Release */,
			);
			defaultConfigurationIsVisible = 0;
			defaultConfigurationName = Release;
		};
		893E5311281ED8180014D56A /* Build configuration list for PBXNativeTarget "Ex iOS" */ = {
			isa = XCConfigurationList;
			buildConfigurations = (
				893E5312281ED8180014D56A /* Debug */,
				893E5313281ED8180014D56A /* Release */,
			);
			defaultConfigurationIsVisible = 0;
			defaultConfigurationName = Release;
		};
/* End XCConfigurationList section */
	};
	rootObject = 893E52F5281ED8140014D56A /* Project object */;
}
